// !$*UTF8*$!
{
	archiveVersion = 1;
	classes = {
	};
	objectVersion = 50;
	objects = {

/* Begin PBXBuildFile section */
		97461259225259BA0067AD82 /* AppDelegate.swift in Sources */ = {isa = PBXBuildFile; fileRef = 97461258225259BA0067AD82 /* AppDelegate.swift */; };
		9746125B225259BA0067AD82 /* ViewController.swift in Sources */ = {isa = PBXBuildFile; fileRef = 9746125A225259BA0067AD82 /* ViewController.swift */; };
		9746125E225259BA0067AD82 /* Main.storyboard in Resources */ = {isa = PBXBuildFile; fileRef = 9746125C225259BA0067AD82 /* Main.storyboard */; };
		97461260225259BA0067AD82 /* Assets.xcassets in Resources */ = {isa = PBXBuildFile; fileRef = 9746125F225259BA0067AD82 /* Assets.xcassets */; };
		97461263225259BA0067AD82 /* LaunchScreen.storyboard in Resources */ = {isa = PBXBuildFile; fileRef = 97461261225259BA0067AD82 /* LaunchScreen.storyboard */; };
		9746126E225259BA0067AD82 /* BondadHackwichMobileMappersTests.swift in Sources */ = {isa = PBXBuildFile; fileRef = 9746126D225259BA0067AD82 /* BondadHackwichMobileMappersTests.swift */; };
		97461279225259BA0067AD82 /* BondadHackwichMobileMappersUITests.swift in Sources */ = {isa = PBXBuildFile; fileRef = 97461278225259BA0067AD82 /* BondadHackwichMobileMappersUITests.swift */; };
/* End PBXBuildFile section */

/* Begin PBXContainerItemProxy section */
		9746126A225259BA0067AD82 /* PBXContainerItemProxy */ = {
			isa = PBXContainerItemProxy;
			containerPortal = 9746124D225259BA0067AD82 /* Project object */;
			proxyType = 1;
			remoteGlobalIDString = 97461254225259BA0067AD82;
			remoteInfo = BondadHackwichMobileMappers;
		};
		97461275225259BA0067AD82 /* PBXContainerItemProxy */ = {
			isa = PBXContainerItemProxy;
			containerPortal = 9746124D225259BA0067AD82 /* Project object */;
			proxyType = 1;
			remoteGlobalIDString = 97461254225259BA0067AD82;
			remoteInfo = BondadHackwichMobileMappers;
		};
/* End PBXContainerItemProxy section */

/* Begin PBXFileReference section */
		97461255225259BA0067AD82 /* BondadHackwichMobileMappers.app */ = {isa = PBXFileReference; explicitFileType = wrapper.application; includeInIndex = 0; path = BondadHackwichMobileMappers.app; sourceTree = BUILT_PRODUCTS_DIR; };
		97461258225259BA0067AD82 /* AppDelegate.swift */ = {isa = PBXFileReference; lastKnownFileType = sourcecode.swift; path = AppDelegate.swift; sourceTree = "<group>"; };
		9746125A225259BA0067AD82 /* ViewController.swift */ = {isa = PBXFileReference; lastKnownFileType = sourcecode.swift; path = ViewController.swift; sourceTree = "<group>"; };
		9746125D225259BA0067AD82 /* Base */ = {isa = PBXFileReference; lastKnownFileType = file.storyboard; name = Base; path = Base.lproj/Main.storyboard; sourceTree = "<group>"; };
		9746125F225259BA0067AD82 /* Assets.xcassets */ = {isa = PBXFileReference; lastKnownFileType = folder.assetcatalog; path = Assets.xcassets; sourceTree = "<group>"; };
		97461262225259BA0067AD82 /* Base */ = {isa = PBXFileReference; lastKnownFileType = file.storyboard; name = Base; path = Base.lproj/LaunchScreen.storyboard; sourceTree = "<group>"; };
		97461264225259BA0067AD82 /* Info.plist */ = {isa = PBXFileReference; lastKnownFileType = text.plist.xml; path = Info.plist; sourceTree = "<group>"; };
		97461269225259BA0067AD82 /* BondadHackwichMobileMappersTests.xctest */ = {isa = PBXFileReference; explicitFileType = wrapper.cfbundle; includeInIndex = 0; path = BondadHackwichMobileMappersTests.xctest; sourceTree = BUILT_PRODUCTS_DIR; };
		9746126D225259BA0067AD82 /* BondadHackwichMobileMappersTests.swift */ = {isa = PBXFileReference; lastKnownFileType = sourcecode.swift; path = BondadHackwichMobileMappersTests.swift; sourceTree = "<group>"; };
		9746126F225259BA0067AD82 /* Info.plist */ = {isa = PBXFileReference; lastKnownFileType = text.plist.xml; path = Info.plist; sourceTree = "<group>"; };
		97461274225259BA0067AD82 /* BondadHackwichMobileMappersUITests.xctest */ = {isa = PBXFileReference; explicitFileType = wrapper.cfbundle; includeInIndex = 0; path = BondadHackwichMobileMappersUITests.xctest; sourceTree = BUILT_PRODUCTS_DIR; };
		97461278225259BA0067AD82 /* BondadHackwichMobileMappersUITests.swift */ = {isa = PBXFileReference; lastKnownFileType = sourcecode.swift; path = BondadHackwichMobileMappersUITests.swift; sourceTree = "<group>"; };
		9746127A225259BA0067AD82 /* Info.plist */ = {isa = PBXFileReference; lastKnownFileType = text.plist.xml; path = Info.plist; sourceTree = "<group>"; };
/* End PBXFileReference section */

/* Begin PBXFrameworksBuildPhase section */
		97461252225259BA0067AD82 /* Frameworks */ = {
			isa = PBXFrameworksBuildPhase;
			buildActionMask = 2147483647;
			files = (
			);
			runOnlyForDeploymentPostprocessing = 0;
		};
		97461266225259BA0067AD82 /* Frameworks */ = {
			isa = PBXFrameworksBuildPhase;
			buildActionMask = 2147483647;
			files = (
			);
			runOnlyForDeploymentPostprocessing = 0;
		};
		97461271225259BA0067AD82 /* Frameworks */ = {
			isa = PBXFrameworksBuildPhase;
			buildActionMask = 2147483647;
			files = (
			);
			runOnlyForDeploymentPostprocessing = 0;
		};
/* End PBXFrameworksBuildPhase section */

/* Begin PBXGroup section */
		9746124C225259BA0067AD82 = {
			isa = PBXGroup;
			children = (
				97461257225259BA0067AD82 /* BondadHackwichMobileMappers */,
				9746126C225259BA0067AD82 /* BondadHackwichMobileMappersTests */,
				97461277225259BA0067AD82 /* BondadHackwichMobileMappersUITests */,
				97461256225259BA0067AD82 /* Products */,
			);
			sourceTree = "<group>";
		};
		97461256225259BA0067AD82 /* Products */ = {
			isa = PBXGroup;
			children = (
				97461255225259BA0067AD82 /* BondadHackwichMobileMappers.app */,
				97461269225259BA0067AD82 /* BondadHackwichMobileMappersTests.xctest */,
				97461274225259BA0067AD82 /* BondadHackwichMobileMappersUITests.xctest */,
			);
			name = Products;
			sourceTree = "<group>";
		};
		97461257225259BA0067AD82 /* BondadHackwichMobileMappers */ = {
			isa = PBXGroup;
			children = (
				97461258225259BA0067AD82 /* AppDelegate.swift */,
				9746125A225259BA0067AD82 /* ViewController.swift */,
				9746125C225259BA0067AD82 /* Main.storyboard */,
				9746125F225259BA0067AD82 /* Assets.xcassets */,
				97461261225259BA0067AD82 /* LaunchScreen.storyboard */,
				97461264225259BA0067AD82 /* Info.plist */,
			);
			path = BondadHackwichMobileMappers;
			sourceTree = "<group>";
		};
		9746126C225259BA0067AD82 /* BondadHackwichMobileMappersTests */ = {
			isa = PBXGroup;
			children = (
				9746126D225259BA0067AD82 /* BondadHackwichMobileMappersTests.swift */,
				9746126F225259BA0067AD82 /* Info.plist */,
			);
			path = BondadHackwichMobileMappersTests;
			sourceTree = "<group>";
		};
		97461277225259BA0067AD82 /* BondadHackwichMobileMappersUITests */ = {
			isa = PBXGroup;
			children = (
				97461278225259BA0067AD82 /* BondadHackwichMobileMappersUITests.swift */,
				9746127A225259BA0067AD82 /* Info.plist */,
			);
			path = BondadHackwichMobileMappersUITests;
			sourceTree = "<group>";
		};
/* End PBXGroup section */

/* Begin PBXNativeTarget section */
		97461254225259BA0067AD82 /* BondadHackwichMobileMappers */ = {
			isa = PBXNativeTarget;
			buildConfigurationList = 9746127D225259BA0067AD82 /* Build configuration list for PBXNativeTarget "BondadHackwichMobileMappers" */;
			buildPhases = (
				97461251225259BA0067AD82 /* Sources */,
				97461252225259BA0067AD82 /* Frameworks */,
				97461253225259BA0067AD82 /* Resources */,
			);
			buildRules = (
			);
			dependencies = (
			);
			name = BondadHackwichMobileMappers;
			productName = BondadHackwichMobileMappers;
			productReference = 97461255225259BA0067AD82 /* BondadHackwichMobileMappers.app */;
			productType = "com.apple.product-type.application";
		};
		97461268225259BA0067AD82 /* BondadHackwichMobileMappersTests */ = {
			isa = PBXNativeTarget;
			buildConfigurationList = 97461280225259BA0067AD82 /* Build configuration list for PBXNativeTarget "BondadHackwichMobileMappersTests" */;
			buildPhases = (
				97461265225259BA0067AD82 /* Sources */,
				97461266225259BA0067AD82 /* Frameworks */,
				97461267225259BA0067AD82 /* Resources */,
			);
			buildRules = (
			);
			dependencies = (
				9746126B225259BA0067AD82 /* PBXTargetDependency */,
			);
			name = BondadHackwichMobileMappersTests;
			productName = BondadHackwichMobileMappersTests;
			productReference = 97461269225259BA0067AD82 /* BondadHackwichMobileMappersTests.xctest */;
			productType = "com.apple.product-type.bundle.unit-test";
		};
		97461273225259BA0067AD82 /* BondadHackwichMobileMappersUITests */ = {
			isa = PBXNativeTarget;
			buildConfigurationList = 97461283225259BA0067AD82 /* Build configuration list for PBXNativeTarget "BondadHackwichMobileMappersUITests" */;
			buildPhases = (
				97461270225259BA0067AD82 /* Sources */,
				97461271225259BA0067AD82 /* Frameworks */,
				97461272225259BA0067AD82 /* Resources */,
			);
			buildRules = (
			);
			dependencies = (
				97461276225259BA0067AD82 /* PBXTargetDependency */,
			);
			name = BondadHackwichMobileMappersUITests;
			productName = BondadHackwichMobileMappersUITests;
			productReference = 97461274225259BA0067AD82 /* BondadHackwichMobileMappersUITests.xctest */;
			productType = "com.apple.product-type.bundle.ui-testing";
		};
/* End PBXNativeTarget section */

/* Begin PBXProject section */
		9746124D225259BA0067AD82 /* Project object */ = {
			isa = PBXProject;
			attributes = {
				LastSwiftUpdateCheck = 1010;
				LastUpgradeCheck = 1010;
				ORGANIZATIONNAME = "Juan-Alejandro Bondad 2019";
				TargetAttributes = {
					97461254225259BA0067AD82 = {
						CreatedOnToolsVersion = 10.1;
					};
					97461268225259BA0067AD82 = {
						CreatedOnToolsVersion = 10.1;
						TestTargetID = 97461254225259BA0067AD82;
					};
					97461273225259BA0067AD82 = {
						CreatedOnToolsVersion = 10.1;
						TestTargetID = 97461254225259BA0067AD82;
					};
				};
			};
			buildConfigurationList = 97461250225259BA0067AD82 /* Build configuration list for PBXProject "BondadHackwichMobileMappers" */;
			compatibilityVersion = "Xcode 9.3";
			developmentRegion = en;
			hasScannedForEncodings = 0;
			knownRegions = (
				en,
				Base,
			);
			mainGroup = 9746124C225259BA0067AD82;
			productRefGroup = 97461256225259BA0067AD82 /* Products */;
			projectDirPath = "";
			projectRoot = "";
			targets = (
				97461254225259BA0067AD82 /* BondadHackwichMobileMappers */,
				97461268225259BA0067AD82 /* BondadHackwichMobileMappersTests */,
				97461273225259BA0067AD82 /* BondadHackwichMobileMappersUITests */,
			);
		};
/* End PBXProject section */

/* Begin PBXResourcesBuildPhase section */
		97461253225259BA0067AD82 /* Resources */ = {
			isa = PBXResourcesBuildPhase;
			buildActionMask = 2147483647;
			files = (
				97461263225259BA0067AD82 /* LaunchScreen.storyboard in Resources */,
				97461260225259BA0067AD82 /* Assets.xcassets in Resources */,
				9746125E225259BA0067AD82 /* Main.storyboard in Resources */,
			);
			runOnlyForDeploymentPostprocessing = 0;
		};
		97461267225259BA0067AD82 /* Resources */ = {
			isa = PBXResourcesBuildPhase;
			buildActionMask = 2147483647;
			files = (
			);
			runOnlyForDeploymentPostprocessing = 0;
		};
		97461272225259BA0067AD82 /* Resources */ = {
			isa = PBXResourcesBuildPhase;
			buildActionMask = 2147483647;
			files = (
			);
			runOnlyForDeploymentPostprocessing = 0;
		};
/* End PBXResourcesBuildPhase section */

/* Begin PBXSourcesBuildPhase section */
		97461251225259BA0067AD82 /* Sources */ = {
			isa = PBXSourcesBuildPhase;
			buildActionMask = 2147483647;
			files = (
				9746125B225259BA0067AD82 /* ViewController.swift in Sources */,
				97461259225259BA0067AD82 /* AppDelegate.swift in Sources */,
			);
			runOnlyForDeploymentPostprocessing = 0;
		};
		97461265225259BA0067AD82 /* Sources */ = {
			isa = PBXSourcesBuildPhase;
			buildActionMask = 2147483647;
			files = (
				9746126E225259BA0067AD82 /* BondadHackwichMobileMappersTests.swift in Sources */,
			);
			runOnlyForDeploymentPostprocessing = 0;
		};
		97461270225259BA0067AD82 /* Sources */ = {
			isa = PBXSourcesBuildPhase;
			buildActionMask = 2147483647;
			files = (
				97461279225259BA0067AD82 /* BondadHackwichMobileMappersUITests.swift in Sources */,
			);
			runOnlyForDeploymentPostprocessing = 0;
		};
/* End PBXSourcesBuildPhase section */

/* Begin PBXTargetDependency section */
		9746126B225259BA0067AD82 /* PBXTargetDependency */ = {
			isa = PBXTargetDependency;
			target = 97461254225259BA0067AD82 /* BondadHackwichMobileMappers */;
			targetProxy = 9746126A225259BA0067AD82 /* PBXContainerItemProxy */;
		};
		97461276225259BA0067AD82 /* PBXTargetDependency */ = {
			isa = PBXTargetDependency;
			target = 97461254225259BA0067AD82 /* BondadHackwichMobileMappers */;
			targetProxy = 97461275225259BA0067AD82 /* PBXContainerItemProxy */;
		};
/* End PBXTargetDependency section */

/* Begin PBXVariantGroup section */
		9746125C225259BA0067AD82 /* Main.storyboard */ = {
			isa = PBXVariantGroup;
			children = (
				9746125D225259BA0067AD82 /* Base */,
			);
			name = Main.storyboard;
			sourceTree = "<group>";
		};
		97461261225259BA0067AD82 /* LaunchScreen.storyboard */ = {
			isa = PBXVariantGroup;
			children = (
				97461262225259BA0067AD82 /* Base */,
			);
			name = LaunchScreen.storyboard;
			sourceTree = "<group>";
		};
/* End PBXVariantGroup section */

/* Begin XCBuildConfiguration section */
		9746127B225259BA0067AD82 /* Debug */ = {
			isa = XCBuildConfiguration;
			buildSettings = {
				ALWAYS_SEARCH_USER_PATHS = NO;
				CLANG_ANALYZER_NONNULL = YES;
				CLANG_ANALYZER_NUMBER_OBJECT_CONVERSION = YES_AGGRESSIVE;
				CLANG_CXX_LANGUAGE_STANDARD = "gnu++14";
				CLANG_CXX_LIBRARY = "libc++";
				CLANG_ENABLE_MODULES = YES;
				CLANG_ENABLE_OBJC_ARC = YES;
				CLANG_ENABLE_OBJC_WEAK = YES;
				CLANG_WARN_BLOCK_CAPTURE_AUTORELEASING = YES;
				CLANG_WARN_BOOL_CONVERSION = YES;
				CLANG_WARN_COMMA = YES;
				CLANG_WARN_CONSTANT_CONVERSION = YES;
				CLANG_WARN_DEPRECATED_OBJC_IMPLEMENTATIONS = YES;
				CLANG_WARN_DIRECT_OBJC_ISA_USAGE = YES_ERROR;
				CLANG_WARN_DOCUMENTATION_COMMENTS = YES;
				CLANG_WARN_EMPTY_BODY = YES;
				CLANG_WARN_ENUM_CONVERSION = YES;
				CLANG_WARN_INFINITE_RECURSION = YES;
				CLANG_WARN_INT_CONVERSION = YES;
				CLANG_WARN_NON_LITERAL_NULL_CONVERSION = YES;
				CLANG_WARN_OBJC_IMPLICIT_RETAIN_SELF = YES;
				CLANG_WARN_OBJC_LITERAL_CONVERSION = YES;
				CLANG_WARN_OBJC_ROOT_CLASS = YES_ERROR;
				CLANG_WARN_RANGE_LOOP_ANALYSIS = YES;
				CLANG_WARN_STRICT_PROTOTYPES = YES;
				CLANG_WARN_SUSPICIOUS_MOVE = YES;
				CLANG_WARN_UNGUARDED_AVAILABILITY = YES_AGGRESSIVE;
				CLANG_WARN_UNREACHABLE_CODE = YES;
				CLANG_WARN__DUPLICATE_METHOD_MATCH = YES;
				CODE_SIGN_IDENTITY = "iPhone Developer";
				COPY_PHASE_STRIP = NO;
				DEBUG_INFORMATION_FORMAT = dwarf;
				ENABLE_STRICT_OBJC_MSGSEND = YES;
				ENABLE_TESTABILITY = YES;
				GCC_C_LANGUAGE_STANDARD = gnu11;
				GCC_DYNAMIC_NO_PIC = NO;
				GCC_NO_COMMON_BLOCKS = YES;
				GCC_OPTIMIZATION_LEVEL = 0;
				GCC_PREPROCESSOR_DEFINITIONS = (
					"DEBUG=1",
					"$(inherited)",
				);
				GCC_WARN_64_TO_32_BIT_CONVERSION = YES;
				GCC_WARN_ABOUT_RETURN_TYPE = YES_ERROR;
				GCC_WARN_UNDECLARED_SELECTOR = YES;
				GCC_WARN_UNINITIALIZED_AUTOS = YES_AGGRESSIVE;
				GCC_WARN_UNUSED_FUNCTION = YES;
				GCC_WARN_UNUSED_VARIABLE = YES;
				IPHONEOS_DEPLOYMENT_TARGET = 12.1;
				MTL_ENABLE_DEBUG_INFO = INCLUDE_SOURCE;
				MTL_FAST_MATH = YES;
				ONLY_ACTIVE_ARCH = YES;
				SDKROOT = iphoneos;
				SWIFT_ACTIVE_COMPILATION_CONDITIONS = DEBUG;
				SWIFT_OPTIMIZATION_LEVEL = "-Onone";
			};
			name = Debug;
		};
		9746127C225259BA0067AD82 /* Release */ = {
			isa = XCBuildConfiguration;
			buildSettings = {
				ALWAYS_SEARCH_USER_PATHS = NO;
				CLANG_ANALYZER_NONNULL = YES;
				CLANG_ANALYZER_NUMBER_OBJECT_CONVERSION = YES_AGGRESSIVE;
				CLANG_CXX_LANGUAGE_STANDARD = "gnu++14";
				CLANG_CXX_LIBRARY = "libc++";
				CLANG_ENABLE_MODULES = YES;
				CLANG_ENABLE_OBJC_ARC = YES;
				CLANG_ENABLE_OBJC_WEAK = YES;
				CLANG_WARN_BLOCK_CAPTURE_AUTORELEASING = YES;
				CLANG_WARN_BOOL_CONVERSION = YES;
				CLANG_WARN_COMMA = YES;
				CLANG_WARN_CONSTANT_CONVERSION = YES;
				CLANG_WARN_DEPRECATED_OBJC_IMPLEMENTATIONS = YES;
				CLANG_WARN_DIRECT_OBJC_ISA_USAGE = YES_ERROR;
				CLANG_WARN_DOCUMENTATION_COMMENTS = YES;
				CLANG_WARN_EMPTY_BODY = YES;
				CLANG_WARN_ENUM_CONVERSION = YES;
				CLANG_WARN_INFINITE_RECURSION = YES;
				CLANG_WARN_INT_CONVERSION = YES;
				CLANG_WARN_NON_LITERAL_NULL_CONVERSION = YES;
				CLANG_WARN_OBJC_IMPLICIT_RETAIN_SELF = YES;
				CLANG_WARN_OBJC_LITERAL_CONVERSION = YES;
				CLANG_WARN_OBJC_ROOT_CLASS = YES_ERROR;
				CLANG_WARN_RANGE_LOOP_ANALYSIS = YES;
				CLANG_WARN_STRICT_PROTOTYPES = YES;
				CLANG_WARN_SUSPICIOUS_MOVE = YES;
				CLANG_WARN_UNGUARDED_AVAILABILITY = YES_AGGRESSIVE;
				CLANG_WARN_UNREACHABLE_CODE = YES;
				CLANG_WARN__DUPLICATE_METHOD_MATCH = YES;
				CODE_SIGN_IDENTITY = "iPhone Developer";
				COPY_PHASE_STRIP = NO;
				DEBUG_INFORMATION_FORMAT = "dwarf-with-dsym";
				ENABLE_NS_ASSERTIONS = NO;
				ENABLE_STRICT_OBJC_MSGSEND = YES;
				GCC_C_LANGUAGE_STANDARD = gnu11;
				GCC_NO_COMMON_BLOCKS = YES;
				GCC_WARN_64_TO_32_BIT_CONVERSION = YES;
				GCC_WARN_ABOUT_RETURN_TYPE = YES_ERROR;
				GCC_WARN_UNDECLARED_SELECTOR = YES;
				GCC_WARN_UNINITIALIZED_AUTOS = YES_AGGRESSIVE;
				GCC_WARN_UNUSED_FUNCTION = YES;
				GCC_WARN_UNUSED_VARIABLE = YES;
				IPHONEOS_DEPLOYMENT_TARGET = 12.1;
				MTL_ENABLE_DEBUG_INFO = NO;
				MTL_FAST_MATH = YES;
				SDKROOT = iphoneos;
				SWIFT_COMPILATION_MODE = wholemodule;
				SWIFT_OPTIMIZATION_LEVEL = "-O";
				VALIDATE_PRODUCT = YES;
			};
			name = Release;
		};
		9746127E225259BA0067AD82 /* Debug */ = {
			isa = XCBuildConfiguration;
			buildSettings = {
				ASSETCATALOG_COMPILER_APPICON_NAME = AppIcon;
				CODE_SIGN_STYLE = Automatic;
				DEVELOPMENT_TEAM = JB6M97X5XP;
				INFOPLIST_FILE = BondadHackwichMobileMappers/Info.plist;
				LD_RUNPATH_SEARCH_PATHS = (
					"$(inherited)",
					"@executable_path/Frameworks",
				);
				PRODUCT_BUNDLE_IDENTIFIER = com.albondad.BondadHackwichMobileMappers;
				PRODUCT_NAME = "$(TARGET_NAME)";
				SWIFT_VERSION = 4.2;
				TARGETED_DEVICE_FAMILY = "1,2";
			};
			name = Debug;
		};
		9746127F225259BA0067AD82 /* Release */ = {
			isa = XCBuildConfiguration;
			buildSettings = {
				ASSETCATALOG_COMPILER_APPICON_NAME = AppIcon;
				CODE_SIGN_STYLE = Automatic;
				DEVELOPMENT_TEAM = JB6M97X5XP;
				INFOPLIST_FILE = BondadHackwichMobileMappers/Info.plist;
				LD_RUNPATH_SEARCH_PATHS = (
					"$(inherited)",
					"@executable_path/Frameworks",
				);
				PRODUCT_BUNDLE_IDENTIFIER = com.albondad.BondadHackwichMobileMappers;
				PRODUCT_NAME = "$(TARGET_NAME)";
				SWIFT_VERSION = 4.2;
				TARGETED_DEVICE_FAMILY = "1,2";
			};
			name = Release;
		};
		97461281225259BA0067AD82 /* Debug */ = {
			isa = XCBuildConfiguration;
			buildSettings = {
				ALWAYS_EMBED_SWIFT_STANDARD_LIBRARIES = YES;
				BUNDLE_LOADER = "$(TEST_HOST)";
				CODE_SIGN_STYLE = Automatic;
				DEVELOPMENT_TEAM = JB6M97X5XP;
				INFOPLIST_FILE = BondadHackwichMobileMappersTests/Info.plist;
				LD_RUNPATH_SEARCH_PATHS = (
					"$(inherited)",
					"@executable_path/Frameworks",
					"@loader_path/Frameworks",
				);
				PRODUCT_BUNDLE_IDENTIFIER = com.albondad.BondadHackwichMobileMappersTests;
				PRODUCT_NAME = "$(TARGET_NAME)";
				SWIFT_VERSION = 4.2;
				TARGETED_DEVICE_FAMILY = "1,2";
				TEST_HOST = "$(BUILT_PRODUCTS_DIR)/BondadHackwichMobileMappers.app/BondadHackwichMobileMappers";
			};
			name = Debug;
		};
		97461282225259BA0067AD82 /* Release */ = {
			isa = XCBuildConfiguration;
			buildSettings = {
				ALWAYS_EMBED_SWIFT_STANDARD_LIBRARIES = YES;
				BUNDLE_LOADER = "$(TEST_HOST)";
				CODE_SIGN_STYLE = Automatic;
				DEVELOPMENT_TEAM = JB6M97X5XP;
				INFOPLIST_FILE = BondadHackwichMobileMappersTests/Info.plist;
				LD_RUNPATH_SEARCH_PATHS = (
					"$(inherited)",
					"@executable_path/Frameworks",
					"@loader_path/Frameworks",
				);
				PRODUCT_BUNDLE_IDENTIFIER = com.albondad.BondadHackwichMobileMappersTests;
				PRODUCT_NAME = "$(TARGET_NAME)";
				SWIFT_VERSION = 4.2;
				TARGETED_DEVICE_FAMILY = "1,2";
				TEST_HOST = "$(BUILT_PRODUCTS_DIR)/BondadHackwichMobileMappers.app/BondadHackwichMobileMappers";
			};
			name = Release;
		};
		97461284225259BA0067AD82 /* Debug */ = {
			isa = XCBuildConfiguration;
			buildSettings = {
				ALWAYS_EMBED_SWIFT_STANDARD_LIBRARIES = YES;
				CODE_SIGN_STYLE = Automatic;
				DEVELOPMENT_TEAM = JB6M97X5XP;
				INFOPLIST_FILE = BondadHackwichMobileMappersUITests/Info.plist;
				LD_RUNPATH_SEARCH_PATHS = (
					"$(inherited)",
					"@executable_path/Frameworks",
					"@loader_path/Frameworks",
				);
				PRODUCT_BUNDLE_IDENTIFIER = com.albondad.BondadHackwichMobileMappersUITests;
				PRODUCT_NAME = "$(TARGET_NAME)";
				SWIFT_VERSION = 4.2;
				TARGETED_DEVICE_FAMILY = "1,2";
				TEST_TARGET_NAME = BondadHackwichMobileMappers;
			};
			name = Debug;
		};
		97461285225259BA0067AD82 /* Release */ = {
			isa = XCBuildConfiguration;
			buildSettings = {
				ALWAYS_EMBED_SWIFT_STANDARD_LIBRARIES = YES;
				CODE_SIGN_STYLE = Automatic;
				DEVELOPMENT_TEAM = JB6M97X5XP;
				INFOPLIST_FILE = BondadHackwichMobileMappersUITests/Info.plist;
				LD_RUNPATH_SEARCH_PATHS = (
					"$(inherited)",
					"@executable_path/Frameworks",
					"@loader_path/Frameworks",
				);
				PRODUCT_BUNDLE_IDENTIFIER = com.albondad.BondadHackwichMobileMappersUITests;
				PRODUCT_NAME = "$(TARGET_NAME)";
				SWIFT_VERSION = 4.2;
				TARGETED_DEVICE_FAMILY = "1,2";
				TEST_TARGET_NAME = BondadHackwichMobileMappers;
			};
			name = Release;
		};
/* End XCBuildConfiguration section */

/* Begin XCConfigurationList section */
		97461250225259BA0067AD82 /* Build configuration list for PBXProject "BondadHackwichMobileMappers" */ = {
			isa = XCConfigurationList;
			buildConfigurations = (
				9746127B225259BA0067AD82 /* Debug */,
				9746127C225259BA0067AD82 /* Release */,
			);
			defaultConfigurationIsVisible = 0;
			defaultConfigurationName = Release;
		};
		9746127D225259BA0067AD82 /* Build configuration list for PBXNativeTarget "BondadHackwichMobileMappers" */ = {
			isa = XCConfigurationList;
			buildConfigurations = (
				9746127E225259BA0067AD82 /* Debug */,
				9746127F225259BA0067AD82 /* Release */,
			);
			defaultConfigurationIsVisible = 0;
			defaultConfigurationName = Release;
		};
		97461280225259BA0067AD82 /* Build configuration list for PBXNativeTarget "BondadHackwichMobileMappersTests" */ = {
			isa = XCConfigurationList;
			buildConfigurations = (
				97461281225259BA0067AD82 /* Debug */,
				97461282225259BA0067AD82 /* Release */,
			);
			defaultConfigurationIsVisible = 0;
			defaultConfigurationName = Release;
		};
		97461283225259BA0067AD82 /* Build configuration list for PBXNativeTarget "BondadHackwichMobileMappersUITests" */ = {
			isa = XCConfigurationList;
			buildConfigurations = (
				97461284225259BA0067AD82 /* Debug */,
				97461285225259BA0067AD82 /* Release */,
			);
			defaultConfigurationIsVisible = 0;
			defaultConfigurationName = Release;
		};
/* End XCConfigurationList section */
	};
	rootObject = 9746124D225259BA0067AD82 /* Project object */;
}
